
Microsoft Visual Studio Solution File, Format Version 11.00
# Visual Studio 2010
Project("{8BC9CEB8-8B4A-11D0-8D11-00A0C91BC942}") = "Image_Processing", "Image_Processing\Image_Processing.vcxproj", "{BBA1E359-79F6-4F83-BA9D-7881CC341922}"
EndProject
Global
	GlobalSection(SolutionConfigurationPlatforms) = preSolution
		Debug|Win32 = Debug|Win32
		Release|Win32 = Release|Win32
	EndGlobalSection
	GlobalSection(ProjectConfigurationPlatforms) = postSolution
		{BBA1E359-79F6-4F83-BA9D-7881CC341922}.Debug|Win32.ActiveCfg = Debug|Win32
		{BBA1E359-79F6-4F83-BA9D-7881CC341922}.Debug|Win32.Build.0 = Debug|Win32
		{BBA1E359-79F6-4F83-BA9D-7881CC341922}.Release|Win32.ActiveCfg = Release|Win32
		{BBA1E359-79F6-4F83-BA9D-7881CC341922}.Release|Win32.Build.0 = Release|Win32
	EndGlobalSection
	GlobalSection(SolutionProperties) = preSolution
		HideSolutionNode = FALSE
	EndGlobalSection
EndGlobal
